// !$*UTF8*$!
{
	archiveVersion = 1;
	classes = {
	};
	objectVersion = 77;
	objects = {

/* Begin PBXBuildFile section */
		EB80BD782EDF31B6005FD199 /* WidgetKit.framework in Frameworks */ = {isa = PBXBuildFile; fileRef = EB1388282EBE625F001011D3 /* WidgetKit.framework */; };
		EB80BD792EDF31B6005FD199 /* SwiftUI.framework in Frameworks */ = {isa = PBXBuildFile; fileRef = EB13882A2EBE625F001011D3 /* SwiftUI.framework */; };
		EB80BD842EDF31B7005FD199 /* SetDeckWidgetExtension.appex in Embed Foundation Extensions */ = {isa = PBXBuildFile; fileRef = EB80BD772EDF31B6005FD199 /* SetDeckWidgetExtension.appex */; settings = {ATTRIBUTES = (RemoveHeadersOnCopy, ); }; };
/* End PBXBuildFile section */

/* Begin PBXContainerItemProxy section */
		EB1385B02EBE567A001011D3 /* PBXContainerItemProxy */ = {
			isa = PBXContainerItemProxy;
			containerPortal = EB1385962EBE5678001011D3 /* Project object */;
			proxyType = 1;
			remoteGlobalIDString = EB13859D2EBE5678001011D3;
			remoteInfo = SetDeck;
		};
		EB1385BA2EBE567A001011D3 /* PBXContainerItemProxy */ = {
			isa = PBXContainerItemProxy;
			containerPortal = EB1385962EBE5678001011D3 /* Project object */;
			proxyType = 1;
			remoteGlobalIDString = EB13859D2EBE5678001011D3;
			remoteInfo = SetDeck;
		};
		EB80BD822EDF31B7005FD199 /* PBXContainerItemProxy */ = {
			isa = PBXContainerItemProxy;
			containerPortal = EB1385962EBE5678001011D3 /* Project object */;
			proxyType = 1;
			remoteGlobalIDString = EB80BD762EDF31B6005FD199;
			remoteInfo = SetDeckWidgetExtension;
		};
/* End PBXContainerItemProxy section */

/* Begin PBXCopyFilesBuildPhase section */
		EB13881B2EBE6226001011D3 /* Embed Watch Content */ = {
			isa = PBXCopyFilesBuildPhase;
			buildActionMask = 2147483647;
			dstPath = "$(CONTENTS_FOLDER_PATH)/Watch";
			dstSubfolderSpec = 16;
			files = (
			);
			name = "Embed Watch Content";
			runOnlyForDeploymentPostprocessing = 0;
		};
		EB13883B2EBE6260001011D3 /* Embed Foundation Extensions */ = {
			isa = PBXCopyFilesBuildPhase;
			buildActionMask = 2147483647;
			dstPath = "";
			dstSubfolderSpec = 13;
			files = (
				EB80BD842EDF31B7005FD199 /* SetDeckWidgetExtension.appex in Embed Foundation Extensions */,
			);
			name = "Embed Foundation Extensions";
			runOnlyForDeploymentPostprocessing = 0;
		};
/* End PBXCopyFilesBuildPhase section */

/* Begin PBXFileReference section */
		EB13859E2EBE5678001011D3 /* SetDeck.app */ = {isa = PBXFileReference; explicitFileType = wrapper.application; includeInIndex = 0; path = SetDeck.app; sourceTree = BUILT_PRODUCTS_DIR; };
		EB1385AF2EBE567A001011D3 /* SetDeckTests.xctest */ = {isa = PBXFileReference; explicitFileType = wrapper.cfbundle; includeInIndex = 0; path = SetDeckTests.xctest; sourceTree = BUILT_PRODUCTS_DIR; };
		EB1385B92EBE567A001011D3 /* SetDeckUITests.xctest */ = {isa = PBXFileReference; explicitFileType = wrapper.cfbundle; includeInIndex = 0; path = SetDeckUITests.xctest; sourceTree = BUILT_PRODUCTS_DIR; };
		EB1388282EBE625F001011D3 /* WidgetKit.framework */ = {isa = PBXFileReference; lastKnownFileType = wrapper.framework; name = WidgetKit.framework; path = /System/Library/Frameworks/WidgetKit.framework; sourceTree = "<absolute>"; };
		EB13882A2EBE625F001011D3 /* SwiftUI.framework */ = {isa = PBXFileReference; lastKnownFileType = wrapper.framework; name = SwiftUI.framework; path = /System/Library/Frameworks/SwiftUI.framework; sourceTree = "<absolute>"; };
		EB80BD772EDF31B6005FD199 /* SetDeckWidgetExtension.appex */ = {isa = PBXFileReference; explicitFileType = "wrapper.app-extension"; includeInIndex = 0; path = SetDeckWidgetExtension.appex; sourceTree = BUILT_PRODUCTS_DIR; };
		EBA524C72EDF6F8E00810342 /* SetDeckWidgetExtension.entitlements */ = {isa = PBXFileReference; lastKnownFileType = text.plist.entitlements; path = SetDeckWidgetExtension.entitlements; sourceTree = "<group>"; };
/* End PBXFileReference section */

/* Begin PBXFileSystemSynchronizedBuildFileExceptionSet section */
		EB1385C12EBE567A001011D3 /* Exceptions for "SetDeck" folder in "SetDeck" target */ = {
			isa = PBXFileSystemSynchronizedBuildFileExceptionSet;
			membershipExceptions = (
				Info.plist,
			);
			target = EB13859D2EBE5678001011D3 /* SetDeck */;
		};
		EB80BD882EDF31B7005FD199 /* Exceptions for "SetDeckWidget" folder in "SetDeckWidgetExtension" target */ = {
			isa = PBXFileSystemSynchronizedBuildFileExceptionSet;
			membershipExceptions = (
				Info.plist,
			);
			target = EB80BD762EDF31B6005FD199 /* SetDeckWidgetExtension */;
		};
		EB80BD8A2EDF31CE005FD199 /* Exceptions for "SetDeck" folder in "SetDeckWidgetExtension" target */ = {
			isa = PBXFileSystemSynchronizedBuildFileExceptionSet;
			membershipExceptions = (
				Enumerations/MuscleGroup.swift,
				Enumerations/SetType.swift,
				"Extensions/HKWorkoutActivityType-displayName.swift",
				Managers/HealthManager.swift,
				Models/SetDeckExercise.swift,
				Models/SetDeckRoutine.swift,
				Models/SetDeckSet.swift,
				Models/SetDeckSetHistory.swift,
				Models/StrengthTrainingActivityAttributes.swift,
				Models/TimeSeriesSample.swift,
				Models/WorkoutSummary.swift,
			);
			target = EB80BD762EDF31B6005FD199 /* SetDeckWidgetExtension */;
		};
/* End PBXFileSystemSynchronizedBuildFileExceptionSet section */

/* Begin PBXFileSystemSynchronizedRootGroup section */
		EB1385A02EBE5678001011D3 /* SetDeck */ = {
			isa = PBXFileSystemSynchronizedRootGroup;
			exceptions = (
				EB1385C12EBE567A001011D3 /* Exceptions for "SetDeck" folder in "SetDeck" target */,
				EB80BD8A2EDF31CE005FD199 /* Exceptions for "SetDeck" folder in "SetDeckWidgetExtension" target */,
			);
			path = SetDeck;
			sourceTree = "<group>";
		};
		EB1385B22EBE567A001011D3 /* SetDeckTests */ = {
			isa = PBXFileSystemSynchronizedRootGroup;
			path = SetDeckTests;
			sourceTree = "<group>";
		};
		EB1385BC2EBE567A001011D3 /* SetDeckUITests */ = {
			isa = PBXFileSystemSynchronizedRootGroup;
			path = SetDeckUITests;
			sourceTree = "<group>";
		};
		EB80BD7A2EDF31B6005FD199 /* SetDeckWidget */ = {
			isa = PBXFileSystemSynchronizedRootGroup;
			exceptions = (
				EB80BD882EDF31B7005FD199 /* Exceptions for "SetDeckWidget" folder in "SetDeckWidgetExtension" target */,
			);
			path = SetDeckWidget;
			sourceTree = "<group>";
		};
/* End PBXFileSystemSynchronizedRootGroup section */

/* Begin PBXFrameworksBuildPhase section */
		EB13859B2EBE5678001011D3 /* Frameworks */ = {
			isa = PBXFrameworksBuildPhase;
			buildActionMask = 2147483647;
			files = (
			);
			runOnlyForDeploymentPostprocessing = 0;
		};
		EB1385AC2EBE567A001011D3 /* Frameworks */ = {
			isa = PBXFrameworksBuildPhase;
			buildActionMask = 2147483647;
			files = (
			);
			runOnlyForDeploymentPostprocessing = 0;
		};
		EB1385B62EBE567A001011D3 /* Frameworks */ = {
			isa = PBXFrameworksBuildPhase;
			buildActionMask = 2147483647;
			files = (
			);
			runOnlyForDeploymentPostprocessing = 0;
		};
		EB80BD742EDF31B6005FD199 /* Frameworks */ = {
			isa = PBXFrameworksBuildPhase;
			buildActionMask = 2147483647;
			files = (
				EB80BD792EDF31B6005FD199 /* SwiftUI.framework in Frameworks */,
				EB80BD782EDF31B6005FD199 /* WidgetKit.framework in Frameworks */,
			);
			runOnlyForDeploymentPostprocessing = 0;
		};
/* End PBXFrameworksBuildPhase section */

/* Begin PBXGroup section */
		EB1385952EBE5678001011D3 = {
			isa = PBXGroup;
			children = (
				EBA524C72EDF6F8E00810342 /* SetDeckWidgetExtension.entitlements */,
				EB1385A02EBE5678001011D3 /* SetDeck */,
				EB1385B22EBE567A001011D3 /* SetDeckTests */,
				EB1385BC2EBE567A001011D3 /* SetDeckUITests */,
				EB80BD7A2EDF31B6005FD199 /* SetDeckWidget */,
				EB1388272EBE625F001011D3 /* Frameworks */,
				EB13859F2EBE5678001011D3 /* Products */,
			);
			sourceTree = "<group>";
		};
		EB13859F2EBE5678001011D3 /* Products */ = {
			isa = PBXGroup;
			children = (
				EB13859E2EBE5678001011D3 /* SetDeck.app */,
				EB1385AF2EBE567A001011D3 /* SetDeckTests.xctest */,
				EB1385B92EBE567A001011D3 /* SetDeckUITests.xctest */,
				EB80BD772EDF31B6005FD199 /* SetDeckWidgetExtension.appex */,
			);
			name = Products;
			sourceTree = "<group>";
		};
		EB1388272EBE625F001011D3 /* Frameworks */ = {
			isa = PBXGroup;
			children = (
				EB1388282EBE625F001011D3 /* WidgetKit.framework */,
				EB13882A2EBE625F001011D3 /* SwiftUI.framework */,
			);
			name = Frameworks;
			sourceTree = "<group>";
		};
/* End PBXGroup section */

/* Begin PBXNativeTarget section */
		EB13859D2EBE5678001011D3 /* SetDeck */ = {
			isa = PBXNativeTarget;
			buildConfigurationList = EB1385C22EBE567A001011D3 /* Build configuration list for PBXNativeTarget "SetDeck" */;
			buildPhases = (
				EB13859A2EBE5678001011D3 /* Sources */,
				EB13859B2EBE5678001011D3 /* Frameworks */,
				EB13859C2EBE5678001011D3 /* Resources */,
				EB13881B2EBE6226001011D3 /* Embed Watch Content */,
				EB13883B2EBE6260001011D3 /* Embed Foundation Extensions */,
			);
			buildRules = (
			);
			dependencies = (
				EB80BD832EDF31B7005FD199 /* PBXTargetDependency */,
			);
			fileSystemSynchronizedGroups = (
				EB1385A02EBE5678001011D3 /* SetDeck */,
			);
			name = SetDeck;
			packageProductDependencies = (
			);
			productName = SetDeck;
			productReference = EB13859E2EBE5678001011D3 /* SetDeck.app */;
			productType = "com.apple.product-type.application";
		};
		EB1385AE2EBE567A001011D3 /* SetDeckTests */ = {
			isa = PBXNativeTarget;
			buildConfigurationList = EB1385C72EBE567A001011D3 /* Build configuration list for PBXNativeTarget "SetDeckTests" */;
			buildPhases = (
				EB1385AB2EBE567A001011D3 /* Sources */,
				EB1385AC2EBE567A001011D3 /* Frameworks */,
				EB1385AD2EBE567A001011D3 /* Resources */,
			);
			buildRules = (
			);
			dependencies = (
				EB1385B12EBE567A001011D3 /* PBXTargetDependency */,
			);
			fileSystemSynchronizedGroups = (
				EB1385B22EBE567A001011D3 /* SetDeckTests */,
			);
			name = SetDeckTests;
			packageProductDependencies = (
			);
			productName = SetDeckTests;
			productReference = EB1385AF2EBE567A001011D3 /* SetDeckTests.xctest */;
			productType = "com.apple.product-type.bundle.unit-test";
		};
		EB1385B82EBE567A001011D3 /* SetDeckUITests */ = {
			isa = PBXNativeTarget;
			buildConfigurationList = EB1385CA2EBE567A001011D3 /* Build configuration list for PBXNativeTarget "SetDeckUITests" */;
			buildPhases = (
				EB1385B52EBE567A001011D3 /* Sources */,
				EB1385B62EBE567A001011D3 /* Frameworks */,
				EB1385B72EBE567A001011D3 /* Resources */,
			);
			buildRules = (
			);
			dependencies = (
				EB1385BB2EBE567A001011D3 /* PBXTargetDependency */,
			);
			fileSystemSynchronizedGroups = (
				EB1385BC2EBE567A001011D3 /* SetDeckUITests */,
			);
			name = SetDeckUITests;
			packageProductDependencies = (
			);
			productName = SetDeckUITests;
			productReference = EB1385B92EBE567A001011D3 /* SetDeckUITests.xctest */;
			productType = "com.apple.product-type.bundle.ui-testing";
		};
		EB80BD762EDF31B6005FD199 /* SetDeckWidgetExtension */ = {
			isa = PBXNativeTarget;
			buildConfigurationList = EB80BD872EDF31B7005FD199 /* Build configuration list for PBXNativeTarget "SetDeckWidgetExtension" */;
			buildPhases = (
				EB80BD732EDF31B6005FD199 /* Sources */,
				EB80BD742EDF31B6005FD199 /* Frameworks */,
				EB80BD752EDF31B6005FD199 /* Resources */,
			);
			buildRules = (
			);
			dependencies = (
			);
			fileSystemSynchronizedGroups = (
				EB80BD7A2EDF31B6005FD199 /* SetDeckWidget */,
			);
			name = SetDeckWidgetExtension;
			packageProductDependencies = (
			);
			productName = SetDeckWidgetExtension;
			productReference = EB80BD772EDF31B6005FD199 /* SetDeckWidgetExtension.appex */;
			productType = "com.apple.product-type.app-extension";
		};
/* End PBXNativeTarget section */

/* Begin PBXProject section */
		EB1385962EBE5678001011D3 /* Project object */ = {
			isa = PBXProject;
			attributes = {
				BuildIndependentTargetsInParallel = 1;
				LastSwiftUpdateCheck = 2620;
				LastUpgradeCheck = 2620;
				TargetAttributes = {
					EB13859D2EBE5678001011D3 = {
						CreatedOnToolsVersion = 26.1;
					};
					EB1385AE2EBE567A001011D3 = {
						CreatedOnToolsVersion = 26.1;
						TestTargetID = EB13859D2EBE5678001011D3;
					};
					EB1385B82EBE567A001011D3 = {
						CreatedOnToolsVersion = 26.1;
						TestTargetID = EB13859D2EBE5678001011D3;
					};
					EB80BD762EDF31B6005FD199 = {
						CreatedOnToolsVersion = 26.2;
					};
				};
			};
			buildConfigurationList = EB1385992EBE5678001011D3 /* Build configuration list for PBXProject "SetDeck" */;
			developmentRegion = en;
			hasScannedForEncodings = 0;
			knownRegions = (
				en,
				Base,
			);
			mainGroup = EB1385952EBE5678001011D3;
			minimizedProjectReferenceProxies = 1;
			packageReferences = (
			);
			preferredProjectObjectVersion = 77;
			productRefGroup = EB13859F2EBE5678001011D3 /* Products */;
			projectDirPath = "";
			projectRoot = "";
			targets = (
				EB13859D2EBE5678001011D3 /* SetDeck */,
				EB1385AE2EBE567A001011D3 /* SetDeckTests */,
				EB1385B82EBE567A001011D3 /* SetDeckUITests */,
				EB80BD762EDF31B6005FD199 /* SetDeckWidgetExtension */,
			);
		};
/* End PBXProject section */

/* Begin PBXResourcesBuildPhase section */
		EB13859C2EBE5678001011D3 /* Resources */ = {
			isa = PBXResourcesBuildPhase;
			buildActionMask = 2147483647;
			files = (
			);
			runOnlyForDeploymentPostprocessing = 0;
		};
		EB1385AD2EBE567A001011D3 /* Resources */ = {
			isa = PBXResourcesBuildPhase;
			buildActionMask = 2147483647;
			files = (
			);
			runOnlyForDeploymentPostprocessing = 0;
		};
		EB1385B72EBE567A001011D3 /* Resources */ = {
			isa = PBXResourcesBuildPhase;
			buildActionMask = 2147483647;
			files = (
			);
			runOnlyForDeploymentPostprocessing = 0;
		};
		EB80BD752EDF31B6005FD199 /* Resources */ = {
			isa = PBXResourcesBuildPhase;
			buildActionMask = 2147483647;
			files = (
			);
			runOnlyForDeploymentPostprocessing = 0;
		};
/* End PBXResourcesBuildPhase section */

/* Begin PBXSourcesBuildPhase section */
		EB13859A2EBE5678001011D3 /* Sources */ = {
			isa = PBXSourcesBuildPhase;
			buildActionMask = 2147483647;
			files = (
			);
			runOnlyForDeploymentPostprocessing = 0;
		};
		EB1385AB2EBE567A001011D3 /* Sources */ = {
			isa = PBXSourcesBuildPhase;
			buildActionMask = 2147483647;
			files = (
			);
			runOnlyForDeploymentPostprocessing = 0;
		};
		EB1385B52EBE567A001011D3 /* Sources */ = {
			isa = PBXSourcesBuildPhase;
			buildActionMask = 2147483647;
			files = (
			);
			runOnlyForDeploymentPostprocessing = 0;
		};
		EB80BD732EDF31B6005FD199 /* Sources */ = {
			isa = PBXSourcesBuildPhase;
			buildActionMask = 2147483647;
			files = (
			);
			runOnlyForDeploymentPostprocessing = 0;
		};
/* End PBXSourcesBuildPhase section */

/* Begin PBXTargetDependency section */
		EB1385B12EBE567A001011D3 /* PBXTargetDependency */ = {
			isa = PBXTargetDependency;
			target = EB13859D2EBE5678001011D3 /* SetDeck */;
			targetProxy = EB1385B02EBE567A001011D3 /* PBXContainerItemProxy */;
		};
		EB1385BB2EBE567A001011D3 /* PBXTargetDependency */ = {
			isa = PBXTargetDependency;
			target = EB13859D2EBE5678001011D3 /* SetDeck */;
			targetProxy = EB1385BA2EBE567A001011D3 /* PBXContainerItemProxy */;
		};
		EB80BD832EDF31B7005FD199 /* PBXTargetDependency */ = {
			isa = PBXTargetDependency;
			target = EB80BD762EDF31B6005FD199 /* SetDeckWidgetExtension */;
			targetProxy = EB80BD822EDF31B7005FD199 /* PBXContainerItemProxy */;
		};
/* End PBXTargetDependency section */

/* Begin XCBuildConfiguration section */
		EB1385C32EBE567A001011D3 /* Debug */ = {
			isa = XCBuildConfiguration;
			buildSettings = {
				ASSETCATALOG_COMPILER_APPICON_NAME = AppIcon;
				ASSETCATALOG_COMPILER_GLOBAL_ACCENT_COLOR_NAME = AccentColor;
				CODE_SIGN_ENTITLEMENTS = SetDeck/SetDeck.entitlements;
				CODE_SIGN_STYLE = Automatic;
				CURRENT_PROJECT_VERSION = 9;
				DEVELOPMENT_TEAM = R8Q8DM58C6;
				ENABLE_PREVIEWS = YES;
				GENERATE_INFOPLIST_FILE = YES;
				INFOPLIST_FILE = SetDeck/Info.plist;
				INFOPLIST_KEY_CFBundleDisplayName = SetDeck;
				INFOPLIST_KEY_LSApplicationCategoryType = "public.app-category.healthcare-fitness";
				INFOPLIST_KEY_NSHealthShareUsageDescription = "SetDeck requires access to Health Share to track and display ongoing workouts. ";
				INFOPLIST_KEY_NSHealthUpdateUsageDescription = "SetDeck requires access to the listed health metrics to serve trends and tools to you. Without all of these, the app will nto work.";
				INFOPLIST_KEY_UIApplicationSceneManifest_Generation = YES;
				INFOPLIST_KEY_UIApplicationSupportsIndirectInputEvents = YES;
				INFOPLIST_KEY_UILaunchScreen_Generation = YES;
				INFOPLIST_KEY_UILaunchStoryboardName = LaunchScreen.storyboard;
				INFOPLIST_KEY_UISupportedInterfaceOrientations = UIInterfaceOrientationPortrait;
				INFOPLIST_KEY_UISupportedInterfaceOrientations_iPad = "UIInterfaceOrientationLandscapeLeft UIInterfaceOrientationLandscapeRight UIInterfaceOrientationPortrait UIInterfaceOrientationPortraitUpsideDown";
				IPHONEOS_DEPLOYMENT_TARGET = 26.0;
				LD_RUNPATH_SEARCH_PATHS = (
					"$(inherited)",
					"@executable_path/Frameworks",
				);
				MARKETING_VERSION = 2.1;
				PRODUCT_BUNDLE_IDENTIFIER = nickmolargik.ReadySet;
				PRODUCT_NAME = "$(TARGET_NAME)";
				STRING_CATALOG_GENERATE_SYMBOLS = YES;
				SUPPORTED_PLATFORMS = "iphoneos iphonesimulator";
				SUPPORTS_MACCATALYST = NO;
				SUPPORTS_MAC_DESIGNED_FOR_IPHONE_IPAD = NO;
				SUPPORTS_XR_DESIGNED_FOR_IPHONE_IPAD = NO;
				SWIFT_APPROACHABLE_CONCURRENCY = YES;
				SWIFT_DEFAULT_ACTOR_ISOLATION = MainActor;
				SWIFT_EMIT_LOC_STRINGS = YES;
				SWIFT_UPCOMING_FEATURE_MEMBER_IMPORT_VISIBILITY = YES;
				SWIFT_VERSION = 5.0;
				TARGETED_DEVICE_FAMILY = "1,2";
			};
			name = Debug;
		};
		EB1385C42EBE567A001011D3 /* Release */ = {
			isa = XCBuildConfiguration;
			buildSettings = {
				ASSETCATALOG_COMPILER_APPICON_NAME = AppIcon;
				ASSETCATALOG_COMPILER_GLOBAL_ACCENT_COLOR_NAME = AccentColor;
				CODE_SIGN_ENTITLEMENTS = SetDeck/SetDeck.entitlements;
				CODE_SIGN_STYLE = Automatic;
				CURRENT_PROJECT_VERSION = 9;
				DEVELOPMENT_TEAM = R8Q8DM58C6;
				ENABLE_PREVIEWS = YES;
				GENERATE_INFOPLIST_FILE = YES;
				INFOPLIST_FILE = SetDeck/Info.plist;
				INFOPLIST_KEY_CFBundleDisplayName = SetDeck;
				INFOPLIST_KEY_LSApplicationCategoryType = "public.app-category.healthcare-fitness";
				INFOPLIST_KEY_NSHealthShareUsageDescription = "SetDeck requires access to Health Share to track and display ongoing workouts. ";
				INFOPLIST_KEY_NSHealthUpdateUsageDescription = "SetDeck requires access to the listed health metrics to serve trends and tools to you. Without all of these, the app will nto work.";
				INFOPLIST_KEY_UIApplicationSceneManifest_Generation = YES;
				INFOPLIST_KEY_UIApplicationSupportsIndirectInputEvents = YES;
				INFOPLIST_KEY_UILaunchScreen_Generation = YES;
				INFOPLIST_KEY_UILaunchStoryboardName = LaunchScreen.storyboard;
				INFOPLIST_KEY_UISupportedInterfaceOrientations = UIInterfaceOrientationPortrait;
				INFOPLIST_KEY_UISupportedInterfaceOrientations_iPad = "UIInterfaceOrientationLandscapeLeft UIInterfaceOrientationLandscapeRight UIInterfaceOrientationPortrait UIInterfaceOrientationPortraitUpsideDown";
				IPHONEOS_DEPLOYMENT_TARGET = 26.0;
				LD_RUNPATH_SEARCH_PATHS = (
					"$(inherited)",
					"@executable_path/Frameworks",
				);
				MARKETING_VERSION = 2.1;
				PRODUCT_BUNDLE_IDENTIFIER = nickmolargik.ReadySet;
				PRODUCT_NAME = "$(TARGET_NAME)";
				STRING_CATALOG_GENERATE_SYMBOLS = YES;
				SUPPORTED_PLATFORMS = "iphoneos iphonesimulator";
				SUPPORTS_MACCATALYST = NO;
				SUPPORTS_MAC_DESIGNED_FOR_IPHONE_IPAD = NO;
				SUPPORTS_XR_DESIGNED_FOR_IPHONE_IPAD = NO;
				SWIFT_APPROACHABLE_CONCURRENCY = YES;
				SWIFT_DEFAULT_ACTOR_ISOLATION = MainActor;
				SWIFT_EMIT_LOC_STRINGS = YES;
				SWIFT_UPCOMING_FEATURE_MEMBER_IMPORT_VISIBILITY = YES;
				SWIFT_VERSION = 5.0;
				TARGETED_DEVICE_FAMILY = "1,2";
			};
			name = Release;
		};
		EB1385C52EBE567A001011D3 /* Debug */ = {
			isa = XCBuildConfiguration;
			buildSettings = {
				ALWAYS_SEARCH_USER_PATHS = NO;
				ASSETCATALOG_COMPILER_GENERATE_SWIFT_ASSET_SYMBOL_EXTENSIONS = YES;
				CLANG_ANALYZER_NONNULL = YES;
				CLANG_ANALYZER_NUMBER_OBJECT_CONVERSION = YES_AGGRESSIVE;
				CLANG_CXX_LANGUAGE_STANDARD = "gnu++20";
				CLANG_ENABLE_MODULES = YES;
				CLANG_ENABLE_OBJC_ARC = YES;
				CLANG_ENABLE_OBJC_WEAK = YES;
				CLANG_WARN_BLOCK_CAPTURE_AUTORELEASING = YES;
				CLANG_WARN_BOOL_CONVERSION = YES;
				CLANG_WARN_COMMA = YES;
				CLANG_WARN_CONSTANT_CONVERSION = YES;
				CLANG_WARN_DEPRECATED_OBJC_IMPLEMENTATIONS = YES;
				CLANG_WARN_DIRECT_OBJC_ISA_USAGE = YES_ERROR;
				CLANG_WARN_DOCUMENTATION_COMMENTS = YES;
				CLANG_WARN_EMPTY_BODY = YES;
				CLANG_WARN_ENUM_CONVERSION = YES;
				CLANG_WARN_INFINITE_RECURSION = YES;
				CLANG_WARN_INT_CONVERSION = YES;
				CLANG_WARN_NON_LITERAL_NULL_CONVERSION = YES;
				CLANG_WARN_OBJC_IMPLICIT_RETAIN_SELF = YES;
				CLANG_WARN_OBJC_LITERAL_CONVERSION = YES;
				CLANG_WARN_OBJC_ROOT_CLASS = YES_ERROR;
				CLANG_WARN_QUOTED_INCLUDE_IN_FRAMEWORK_HEADER = YES;
				CLANG_WARN_RANGE_LOOP_ANALYSIS = YES;
				CLANG_WARN_STRICT_PROTOTYPES = YES;
				CLANG_WARN_SUSPICIOUS_MOVE = YES;
				CLANG_WARN_UNGUARDED_AVAILABILITY = YES_AGGRESSIVE;
				CLANG_WARN_UNREACHABLE_CODE = YES;
				CLANG_WARN__DUPLICATE_METHOD_MATCH = YES;
				COPY_PHASE_STRIP = NO;
				DEBUG_INFORMATION_FORMAT = dwarf;
				DEVELOPMENT_TEAM = R8Q8DM58C6;
				ENABLE_STRICT_OBJC_MSGSEND = YES;
				ENABLE_TESTABILITY = YES;
				ENABLE_USER_SCRIPT_SANDBOXING = YES;
				GCC_C_LANGUAGE_STANDARD = gnu17;
				GCC_DYNAMIC_NO_PIC = NO;
				GCC_NO_COMMON_BLOCKS = YES;
				GCC_OPTIMIZATION_LEVEL = 0;
				GCC_PREPROCESSOR_DEFINITIONS = (
					"DEBUG=1",
					"$(inherited)",
				);
				GCC_WARN_64_TO_32_BIT_CONVERSION = YES;
				GCC_WARN_ABOUT_RETURN_TYPE = YES_ERROR;
				GCC_WARN_UNDECLARED_SELECTOR = YES;
				GCC_WARN_UNINITIALIZED_AUTOS = YES_AGGRESSIVE;
				GCC_WARN_UNUSED_FUNCTION = YES;
				GCC_WARN_UNUSED_VARIABLE = YES;
				IPHONEOS_DEPLOYMENT_TARGET = 26.1;
				LOCALIZATION_PREFERS_STRING_CATALOGS = YES;
				MTL_ENABLE_DEBUG_INFO = INCLUDE_SOURCE;
				MTL_FAST_MATH = YES;
				ONLY_ACTIVE_ARCH = YES;
				SDKROOT = iphoneos;
				STRING_CATALOG_GENERATE_SYMBOLS = YES;
				SWIFT_ACTIVE_COMPILATION_CONDITIONS = "DEBUG $(inherited)";
				SWIFT_OPTIMIZATION_LEVEL = "-Onone";
			};
			name = Debug;
		};
		EB1385C62EBE567A001011D3 /* Release */ = {
			isa = XCBuildConfiguration;
			buildSettings = {
				ALWAYS_SEARCH_USER_PATHS = NO;
				ASSETCATALOG_COMPILER_GENERATE_SWIFT_ASSET_SYMBOL_EXTENSIONS = YES;
				CLANG_ANALYZER_NONNULL = YES;
				CLANG_ANALYZER_NUMBER_OBJECT_CONVERSION = YES_AGGRESSIVE;
				CLANG_CXX_LANGUAGE_STANDARD = "gnu++20";
				CLANG_ENABLE_MODULES = YES;
				CLANG_ENABLE_OBJC_ARC = YES;
				CLANG_ENABLE_OBJC_WEAK = YES;
				CLANG_WARN_BLOCK_CAPTURE_AUTORELEASING = YES;
				CLANG_WARN_BOOL_CONVERSION = YES;
				CLANG_WARN_COMMA = YES;
				CLANG_WARN_CONSTANT_CONVERSION = YES;
				CLANG_WARN_DEPRECATED_OBJC_IMPLEMENTATIONS = YES;
				CLANG_WARN_DIRECT_OBJC_ISA_USAGE = YES_ERROR;
				CLANG_WARN_DOCUMENTATION_COMMENTS = YES;
				CLANG_WARN_EMPTY_BODY = YES;
				CLANG_WARN_ENUM_CONVERSION = YES;
				CLANG_WARN_INFINITE_RECURSION = YES;
				CLANG_WARN_INT_CONVERSION = YES;
				CLANG_WARN_NON_LITERAL_NULL_CONVERSION = YES;
				CLANG_WARN_OBJC_IMPLICIT_RETAIN_SELF = YES;
				CLANG_WARN_OBJC_LITERAL_CONVERSION = YES;
				CLANG_WARN_OBJC_ROOT_CLASS = YES_ERROR;
				CLANG_WARN_QUOTED_INCLUDE_IN_FRAMEWORK_HEADER = YES;
				CLANG_WARN_RANGE_LOOP_ANALYSIS = YES;
				CLANG_WARN_STRICT_PROTOTYPES = YES;
				CLANG_WARN_SUSPICIOUS_MOVE = YES;
				CLANG_WARN_UNGUARDED_AVAILABILITY = YES_AGGRESSIVE;
				CLANG_WARN_UNREACHABLE_CODE = YES;
				CLANG_WARN__DUPLICATE_METHOD_MATCH = YES;
				COPY_PHASE_STRIP = NO;
				DEBUG_INFORMATION_FORMAT = "dwarf-with-dsym";
				DEVELOPMENT_TEAM = R8Q8DM58C6;
				ENABLE_NS_ASSERTIONS = NO;
				ENABLE_STRICT_OBJC_MSGSEND = YES;
				ENABLE_USER_SCRIPT_SANDBOXING = YES;
				GCC_C_LANGUAGE_STANDARD = gnu17;
				GCC_NO_COMMON_BLOCKS = YES;
				GCC_WARN_64_TO_32_BIT_CONVERSION = YES;
				GCC_WARN_ABOUT_RETURN_TYPE = YES_ERROR;
				GCC_WARN_UNDECLARED_SELECTOR = YES;
				GCC_WARN_UNINITIALIZED_AUTOS = YES_AGGRESSIVE;
				GCC_WARN_UNUSED_FUNCTION = YES;
				GCC_WARN_UNUSED_VARIABLE = YES;
				IPHONEOS_DEPLOYMENT_TARGET = 26.1;
				LOCALIZATION_PREFERS_STRING_CATALOGS = YES;
				MTL_ENABLE_DEBUG_INFO = NO;
				MTL_FAST_MATH = YES;
				SDKROOT = iphoneos;
				STRING_CATALOG_GENERATE_SYMBOLS = YES;
				SWIFT_COMPILATION_MODE = wholemodule;
				VALIDATE_PRODUCT = YES;
			};
			name = Release;
		};
		EB1385C82EBE567A001011D3 /* Debug */ = {
			isa = XCBuildConfiguration;
			buildSettings = {
				BUNDLE_LOADER = "$(TEST_HOST)";
				CODE_SIGN_STYLE = Automatic;
				CURRENT_PROJECT_VERSION = 1;
				DEVELOPMENT_TEAM = R8Q8DM58C6;
				GENERATE_INFOPLIST_FILE = YES;
				IPHONEOS_DEPLOYMENT_TARGET = 26.0;
				MARKETING_VERSION = 1.0;
				PRODUCT_BUNDLE_IDENTIFIER = nickmolargik.ReadySetTests;
				PRODUCT_NAME = "$(TARGET_NAME)";
				STRING_CATALOG_GENERATE_SYMBOLS = NO;
				SUPPORTED_PLATFORMS = "iphoneos iphonesimulator";
				SUPPORTS_MACCATALYST = NO;
				SUPPORTS_MAC_DESIGNED_FOR_IPHONE_IPAD = NO;
				SUPPORTS_XR_DESIGNED_FOR_IPHONE_IPAD = NO;
				SWIFT_APPROACHABLE_CONCURRENCY = YES;
				SWIFT_EMIT_LOC_STRINGS = NO;
				SWIFT_UPCOMING_FEATURE_MEMBER_IMPORT_VISIBILITY = YES;
				SWIFT_VERSION = 5.0;
				TARGETED_DEVICE_FAMILY = "1,2";
				TEST_HOST = "$(BUILT_PRODUCTS_DIR)/SetDeck.app/$(BUNDLE_EXECUTABLE_FOLDER_PATH)/SetDeck";
			};
			name = Debug;
		};
		EB1385C92EBE567A001011D3 /* Release */ = {
			isa = XCBuildConfiguration;
			buildSettings = {
				BUNDLE_LOADER = "$(TEST_HOST)";
				CODE_SIGN_STYLE = Automatic;
				CURRENT_PROJECT_VERSION = 1;
				DEVELOPMENT_TEAM = R8Q8DM58C6;
				GENERATE_INFOPLIST_FILE = YES;
				IPHONEOS_DEPLOYMENT_TARGET = 26.0;
				MARKETING_VERSION = 1.0;
				PRODUCT_BUNDLE_IDENTIFIER = nickmolargik.ReadySetTests;
				PRODUCT_NAME = "$(TARGET_NAME)";
				STRING_CATALOG_GENERATE_SYMBOLS = NO;
				SUPPORTED_PLATFORMS = "iphoneos iphonesimulator";
				SUPPORTS_MACCATALYST = NO;
				SUPPORTS_MAC_DESIGNED_FOR_IPHONE_IPAD = NO;
				SUPPORTS_XR_DESIGNED_FOR_IPHONE_IPAD = NO;
				SWIFT_APPROACHABLE_CONCURRENCY = YES;
				SWIFT_EMIT_LOC_STRINGS = NO;
				SWIFT_UPCOMING_FEATURE_MEMBER_IMPORT_VISIBILITY = YES;
				SWIFT_VERSION = 5.0;
				TARGETED_DEVICE_FAMILY = "1,2";
				TEST_HOST = "$(BUILT_PRODUCTS_DIR)/SetDeck.app/$(BUNDLE_EXECUTABLE_FOLDER_PATH)/SetDeck";
			};
			name = Release;
		};
		EB1385CB2EBE567A001011D3 /* Debug */ = {
			isa = XCBuildConfiguration;
			buildSettings = {
				CODE_SIGN_STYLE = Automatic;
				CURRENT_PROJECT_VERSION = 1;
				DEVELOPMENT_TEAM = R8Q8DM58C6;
				GENERATE_INFOPLIST_FILE = YES;
				IPHONEOS_DEPLOYMENT_TARGET = 26.0;
				MARKETING_VERSION = 1.0;
				PRODUCT_BUNDLE_IDENTIFIER = nickmolargik.ReadySetUITests;
				PRODUCT_NAME = "$(TARGET_NAME)";
				STRING_CATALOG_GENERATE_SYMBOLS = NO;
				SUPPORTED_PLATFORMS = "iphoneos iphonesimulator";
				SUPPORTS_MACCATALYST = NO;
				SUPPORTS_MAC_DESIGNED_FOR_IPHONE_IPAD = NO;
				SUPPORTS_XR_DESIGNED_FOR_IPHONE_IPAD = NO;
				SWIFT_APPROACHABLE_CONCURRENCY = YES;
				SWIFT_EMIT_LOC_STRINGS = NO;
				SWIFT_UPCOMING_FEATURE_MEMBER_IMPORT_VISIBILITY = YES;
				SWIFT_VERSION = 5.0;
				TARGETED_DEVICE_FAMILY = "1,2";
				TEST_TARGET_NAME = SetDeck;
			};
			name = Debug;
		};
		EB1385CC2EBE567A001011D3 /* Release */ = {
			isa = XCBuildConfiguration;
			buildSettings = {
				CODE_SIGN_STYLE = Automatic;
				CURRENT_PROJECT_VERSION = 1;
				DEVELOPMENT_TEAM = R8Q8DM58C6;
				GENERATE_INFOPLIST_FILE = YES;
				IPHONEOS_DEPLOYMENT_TARGET = 26.0;
				MARKETING_VERSION = 1.0;
				PRODUCT_BUNDLE_IDENTIFIER = nickmolargik.ReadySetUITests;
				PRODUCT_NAME = "$(TARGET_NAME)";
				STRING_CATALOG_GENERATE_SYMBOLS = NO;
				SUPPORTED_PLATFORMS = "iphoneos iphonesimulator";
				SUPPORTS_MACCATALYST = NO;
				SUPPORTS_MAC_DESIGNED_FOR_IPHONE_IPAD = NO;
				SUPPORTS_XR_DESIGNED_FOR_IPHONE_IPAD = NO;
				SWIFT_APPROACHABLE_CONCURRENCY = YES;
				SWIFT_EMIT_LOC_STRINGS = NO;
				SWIFT_UPCOMING_FEATURE_MEMBER_IMPORT_VISIBILITY = YES;
				SWIFT_VERSION = 5.0;
				TARGETED_DEVICE_FAMILY = "1,2";
				TEST_TARGET_NAME = SetDeck;
			};
			name = Release;
		};
		EB80BD852EDF31B7005FD199 /* Debug */ = {
			isa = XCBuildConfiguration;
			buildSettings = {
				ASSETCATALOG_COMPILER_GLOBAL_ACCENT_COLOR_NAME = AccentColor;
				ASSETCATALOG_COMPILER_WIDGET_BACKGROUND_COLOR_NAME = WidgetBackground;
				CODE_SIGN_ENTITLEMENTS = SetDeckWidgetExtension.entitlements;
				CODE_SIGN_STYLE = Automatic;
				CURRENT_PROJECT_VERSION = 9;
				DEVELOPMENT_TEAM = R8Q8DM58C6;
				GENERATE_INFOPLIST_FILE = YES;
				INFOPLIST_FILE = SetDeckWidget/Info.plist;
				INFOPLIST_KEY_CFBundleDisplayName = SetDeckWidget;
				INFOPLIST_KEY_NSHumanReadableCopyright = "";
				IPHONEOS_DEPLOYMENT_TARGET = 26.0;
				LD_RUNPATH_SEARCH_PATHS = (
					"$(inherited)",
					"@executable_path/Frameworks",
					"@executable_path/../../Frameworks",
				);
				MARKETING_VERSION = 2.1;
				PRODUCT_BUNDLE_IDENTIFIER = nickmolargik.ReadySet.SetDeckWidget;
				PRODUCT_NAME = "$(TARGET_NAME)";
				SKIP_INSTALL = YES;
				STRING_CATALOG_GENERATE_SYMBOLS = YES;
				SUPPORTED_PLATFORMS = "iphoneos iphonesimulator";
				SUPPORTS_MACCATALYST = NO;
				SUPPORTS_MAC_DESIGNED_FOR_IPHONE_IPAD = NO;
				SUPPORTS_XR_DESIGNED_FOR_IPHONE_IPAD = NO;
				SWIFT_APPROACHABLE_CONCURRENCY = YES;
				SWIFT_EMIT_LOC_STRINGS = YES;
				SWIFT_UPCOMING_FEATURE_MEMBER_IMPORT_VISIBILITY = YES;
				SWIFT_VERSION = 5.0;
				TARGETED_DEVICE_FAMILY = "1,2";
			};
			name = Debug;
		};
		EB80BD862EDF31B7005FD199 /* Release */ = {
			isa = XCBuildConfiguration;
			buildSettings = {
				ASSETCATALOG_COMPILER_GLOBAL_ACCENT_COLOR_NAME = AccentColor;
				ASSETCATALOG_COMPILER_WIDGET_BACKGROUND_COLOR_NAME = WidgetBackground;
				CODE_SIGN_ENTITLEMENTS = SetDeckWidgetExtension.entitlements;
				CODE_SIGN_STYLE = Automatic;
				CURRENT_PROJECT_VERSION = 9;
				DEVELOPMENT_TEAM = R8Q8DM58C6;
				GENERATE_INFOPLIST_FILE = YES;
				INFOPLIST_FILE = SetDeckWidget/Info.plist;
				INFOPLIST_KEY_CFBundleDisplayName = SetDeckWidget;
				INFOPLIST_KEY_NSHumanReadableCopyright = "";
				IPHONEOS_DEPLOYMENT_TARGET = 26.0;
				LD_RUNPATH_SEARCH_PATHS = (
					"$(inherited)",
					"@executable_path/Frameworks",
					"@executable_path/../../Frameworks",
				);
				MARKETING_VERSION = 2.1;
				PRODUCT_BUNDLE_IDENTIFIER = nickmolargik.ReadySet.SetDeckWidget;
				PRODUCT_NAME = "$(TARGET_NAME)";
				SKIP_INSTALL = YES;
				STRING_CATALOG_GENERATE_SYMBOLS = YES;
				SUPPORTED_PLATFORMS = "iphoneos iphonesimulator";
				SUPPORTS_MACCATALYST = NO;
				SUPPORTS_MAC_DESIGNED_FOR_IPHONE_IPAD = NO;
				SUPPORTS_XR_DESIGNED_FOR_IPHONE_IPAD = NO;
				SWIFT_APPROACHABLE_CONCURRENCY = YES;
				SWIFT_EMIT_LOC_STRINGS = YES;
				SWIFT_UPCOMING_FEATURE_MEMBER_IMPORT_VISIBILITY = YES;
				SWIFT_VERSION = 5.0;
				TARGETED_DEVICE_FAMILY = "1,2";
			};
			name = Release;
		};
/* End XCBuildConfiguration section */

/* Begin XCConfigurationList section */
		EB1385992EBE5678001011D3 /* Build configuration list for PBXProject "SetDeck" */ = {
			isa = XCConfigurationList;
			buildConfigurations = (
				EB1385C52EBE567A001011D3 /* Debug */,
				EB1385C62EBE567A001011D3 /* Release */,
			);
			defaultConfigurationIsVisible = 0;
			defaultConfigurationName = Release;
		};
		EB1385C22EBE567A001011D3 /* Build configuration list for PBXNativeTarget "SetDeck" */ = {
			isa = XCConfigurationList;
			buildConfigurations = (
				EB1385C32EBE567A001011D3 /* Debug */,
				EB1385C42EBE567A001011D3 /* Release */,
			);
			defaultConfigurationIsVisible = 0;
			defaultConfigurationName = Release;
		};
		EB1385C72EBE567A001011D3 /* Build configuration list for PBXNativeTarget "SetDeckTests" */ = {
			isa = XCConfigurationList;
			buildConfigurations = (
				EB1385C82EBE567A001011D3 /* Debug */,
				EB1385C92EBE567A001011D3 /* Release */,
			);
			defaultConfigurationIsVisible = 0;
			defaultConfigurationName = Release;
		};
		EB1385CA2EBE567A001011D3 /* Build configuration list for PBXNativeTarget "SetDeckUITests" */ = {
			isa = XCConfigurationList;
			buildConfigurations = (
				EB1385CB2EBE567A001011D3 /* Debug */,
				EB1385CC2EBE567A001011D3 /* Release */,
			);
			defaultConfigurationIsVisible = 0;
			defaultConfigurationName = Release;
		};
		EB80BD872EDF31B7005FD199 /* Build configuration list for PBXNativeTarget "SetDeckWidgetExtension" */ = {
			isa = XCConfigurationList;
			buildConfigurations = (
				EB80BD852EDF31B7005FD199 /* Debug */,
				EB80BD862EDF31B7005FD199 /* Release */,
			);
			defaultConfigurationIsVisible = 0;
			defaultConfigurationName = Release;
		};
/* End XCConfigurationList section */
	};
	rootObject = EB1385962EBE5678001011D3 /* Project object */;
}
